
Microsoft Visual Studio Solution File, Format Version 12.00
# Visual Studio Version 16
VisualStudioVersion = 16.0.28803.452
MinimumVisualStudioVersion = 10.0.40219.1
Project("{FAE04EC0-301F-11D3-BF4B-00C04F79EFBC}") = "TFSCollector", "TFSCollector\TFSCollector.csproj", "{E592CC8A-7369-41E9-95A7-C2DA88664834}"
EndProject
Global
	GlobalSection(SolutionConfigurationPlatforms) = preSolution
		Debug|Any CPU = Debug|Any CPU
		Release|Any CPU = Release|Any CPU
	EndGlobalSection
	GlobalSection(ProjectConfigurationPlatforms) = postSolution
		{E592CC8A-7369-41E9-95A7-C2DA88664834}.Debug|Any CPU.ActiveCfg = Debug|Any CPU
		{E592CC8A-7369-41E9-95A7-C2DA88664834}.Debug|Any CPU.Build.0 = Debug|Any CPU
		{E592CC8A-7369-41E9-95A7-C2DA88664834}.Release|Any CPU.ActiveCfg = Release|Any CPU
		{E592CC8A-7369-41E9-95A7-C2DA88664834}.Release|Any CPU.Build.0 = Release|Any CPU
	EndGlobalSection
	GlobalSection(SolutionProperties) = preSolution
		HideSolutionNode = FALSE
	EndGlobalSection
	GlobalSection(ExtensibilityGlobals) = postSolution
		SolutionGuid = {0DE60FE7-E67E-4FFD-9A0A-60FED3837F75}
	EndGlobalSection
EndGlobal
